
Microsoft Visual Studio Solution File, Format Version 12.00
# Visual Studio 15
VisualStudioVersion = 15.0.28307.168
MinimumVisualStudioVersion = 10.0.40219.1
Project("{9A19103F-16F7-4668-BE54-9A1E7A4F7556}") = "MODS.PTW", "MODS.PTW\MODS.PTW.csproj", "{BA1F4C48-2B22-48E4-B6B6-1A25AD6FF568}"
EndProject
Global
	GlobalSection(SolutionConfigurationPlatforms) = preSolution
		Debug|Any CPU = Debug|Any CPU
		Release|Any CPU = Release|Any CPU
	EndGlobalSection
	GlobalSection(ProjectConfigurationPlatforms) = postSolution
		{BA1F4C48-2B22-48E4-B6B6-1A25AD6FF568}.Debug|Any CPU.ActiveCfg = Debug|Any CPU
		{BA1F4C48-2B22-48E4-B6B6-1A25AD6FF568}.Debug|Any CPU.Build.0 = Debug|Any CPU
		{BA1F4C48-2B22-48E4-B6B6-1A25AD6FF568}.Release|Any CPU.ActiveCfg = Release|Any CPU
		{BA1F4C48-2B22-48E4-B6B6-1A25AD6FF568}.Release|Any CPU.Build.0 = Release|Any CPU
	EndGlobalSection
	GlobalSection(SolutionProperties) = preSolution
		HideSolutionNode = FALSE
	EndGlobalSection
	GlobalSection(ExtensibilityGlobals) = postSolution
		SolutionGuid = {D4F45EDE-AD88-470C-949E-F4F904D097F8}
	EndGlobalSection
EndGlobal
